// !$*UTF8*$!
{
	archiveVersion = 1;
	classes = {
	};
	objectVersion = 46;
	objects = {

/* Begin PBXBuildFile section */
		B6ED516315428E5600E8D0F8 /* UIKit.framework in Frameworks */ = {isa = PBXBuildFile; fileRef = B6ED516215428E5600E8D0F8 /* UIKit.framework */; };
		B6ED516515428E5600E8D0F8 /* Foundation.framework in Frameworks */ = {isa = PBXBuildFile; fileRef = B6ED516415428E5600E8D0F8 /* Foundation.framework */; };
		B6ED516715428E5600E8D0F8 /* CoreGraphics.framework in Frameworks */ = {isa = PBXBuildFile; fileRef = B6ED516615428E5600E8D0F8 /* CoreGraphics.framework */; };
		B6ED516D15428E5600E8D0F8 /* InfoPlist.strings in Resources */ = {isa = PBXBuildFile; fileRef = B6ED516B15428E5600E8D0F8 /* InfoPlist.strings */; };
		B6ED516F15428E5600E8D0F8 /* main.m in Sources */ = {isa = PBXBuildFile; fileRef = B6ED516E15428E5600E8D0F8 /* main.m */; };
		B6ED517315428E5600E8D0F8 /* AppDelegate.m in Sources */ = {isa = PBXBuildFile; fileRef = B6ED517215428E5600E8D0F8 /* AppDelegate.m */; };
		B6ED517615428E5600E8D0F8 /* MainStoryboard_iPhone.storyboard in Resources */ = {isa = PBXBuildFile; fileRef = B6ED517415428E5600E8D0F8 /* MainStoryboard_iPhone.storyboard */; };
		B6ED517915428E5600E8D0F8 /* MainStoryboard_iPad.storyboard in Resources */ = {isa = PBXBuildFile; fileRef = B6ED517715428E5600E8D0F8 /* MainStoryboard_iPad.storyboard */; };
		B6ED517C15428E5600E8D0F8 /* ViewController.m in Sources */ = {isa = PBXBuildFile; fileRef = B6ED517B15428E5600E8D0F8 /* ViewController.m */; };
		B6ED518415428EB500E8D0F8 /* SecondViewController.m in Sources */ = {isa = PBXBuildFile; fileRef = B6ED518315428EB500E8D0F8 /* SecondViewController.m */; };
/* End PBXBuildFile section */

/* Begin PBXFileReference section */
		B6ED515E15428E5600E8D0F8 /* HelloWorld.app */ = {isa = PBXFileReference; explicitFileType = wrapper.application; includeInIndex = 0; path = HelloWorld.app; sourceTree = BUILT_PRODUCTS_DIR; };
		B6ED516215428E5600E8D0F8 /* UIKit.framework */ = {isa = PBXFileReference; lastKnownFileType = wrapper.framework; name = UIKit.framework; path = System/Library/Frameworks/UIKit.framework; sourceTree = SDKROOT; };
		B6ED516415428E5600E8D0F8 /* Foundation.framework */ = {isa = PBXFileReference; lastKnownFileType = wrapper.framework; name = Foundation.framework; path = System/Library/Frameworks/Foundation.framework; sourceTree = SDKROOT; };
		B6ED516615428E5600E8D0F8 /* CoreGraphics.framework */ = {isa = PBXFileReference; lastKnownFileType = wrapper.framework; name = CoreGraphics.framework; path = System/Library/Frameworks/CoreGraphics.framework; sourceTree = SDKROOT; };
		B6ED516A15428E5600E8D0F8 /* HelloWorld-Info.plist */ = {isa = PBXFileReference; lastKnownFileType = text.plist.xml; path = "HelloWorld-Info.plist"; sourceTree = "<group>"; };
		B6ED516C15428E5600E8D0F8 /* en */ = {isa = PBXFileReference; lastKnownFileType = text.plist.strings; name = en; path = en.lproj/InfoPlist.strings; sourceTree = "<group>"; };
		B6ED516E15428E5600E8D0F8 /* main.m */ = {isa = PBXFileReference; lastKnownFileType = sourcecode.c.objc; path = main.m; sourceTree = "<group>"; };
		B6ED517015428E5600E8D0F8 /* HelloWorld-Prefix.pch */ = {isa = PBXFileReference; lastKnownFileType = sourcecode.c.h; path = "HelloWorld-Prefix.pch"; sourceTree = "<group>"; };
		B6ED517115428E5600E8D0F8 /* AppDelegate.h */ = {isa = PBXFileReference; lastKnownFileType = sourcecode.c.h; path = AppDelegate.h; sourceTree = "<group>"; };
		B6ED517215428E5600E8D0F8 /* AppDelegate.m */ = {isa = PBXFileReference; lastKnownFileType = sourcecode.c.objc; path = AppDelegate.m; sourceTree = "<group>"; };
		B6ED517515428E5600E8D0F8 /* en */ = {isa = PBXFileReference; lastKnownFileType = file.storyboard; name = en; path = en.lproj/MainStoryboard_iPhone.storyboard; sourceTree = "<group>"; };
		B6ED517815428E5600E8D0F8 /* en */ = {isa = PBXFileReference; lastKnownFileType = file.storyboard; name = en; path = en.lproj/MainStoryboard_iPad.storyboard; sourceTree = "<group>"; };
		B6ED517A15428E5600E8D0F8 /* ViewController.h */ = {isa = PBXFileReference; lastKnownFileType = sourcecode.c.h; path = ViewController.h; sourceTree = "<group>"; };
		B6ED517B15428E5600E8D0F8 /* ViewController.m */ = {isa = PBXFileReference; lastKnownFileType = sourcecode.c.objc; path = ViewController.m; sourceTree = "<group>"; };
		B6ED518215428EB500E8D0F8 /* SecondViewController.h */ = {isa = PBXFileReference; fileEncoding = 4; lastKnownFileType = sourcecode.c.h; path = SecondViewController.h; sourceTree = "<group>"; };
		B6ED518315428EB500E8D0F8 /* SecondViewController.m */ = {isa = PBXFileReference; fileEncoding = 4; lastKnownFileType = sourcecode.c.objc; path = SecondViewController.m; sourceTree = "<group>"; };
/* End PBXFileReference section */

/* Begin PBXFrameworksBuildPhase section */
		B6ED515B15428E5600E8D0F8 /* Frameworks */ = {
			isa = PBXFrameworksBuildPhase;
			buildActionMask = 2147483647;
			files = (
				B6ED516315428E5600E8D0F8 /* UIKit.framework in Frameworks */,
				B6ED516515428E5600E8D0F8 /* Foundation.framework in Frameworks */,
				B6ED516715428E5600E8D0F8 /* CoreGraphics.framework in Frameworks */,
			);
			runOnlyForDeploymentPostprocessing = 0;
		};
/* End PBXFrameworksBuildPhase section */

/* Begin PBXGroup section */
		B6ED515315428E5600E8D0F8 = {
			isa = PBXGroup;
			children = (
				B6ED516815428E5600E8D0F8 /* HelloWorld */,
				B6ED516115428E5600E8D0F8 /* Frameworks */,
				B6ED515F15428E5600E8D0F8 /* Products */,
			);
			sourceTree = "<group>";
		};
		B6ED515F15428E5600E8D0F8 /* Products */ = {
			isa = PBXGroup;
			children = (
				B6ED515E15428E5600E8D0F8 /* HelloWorld.app */,
			);
			name = Products;
			sourceTree = "<group>";
		};
		B6ED516115428E5600E8D0F8 /* Frameworks */ = {
			isa = PBXGroup;
			children = (
				B6ED516215428E5600E8D0F8 /* UIKit.framework */,
				B6ED516415428E5600E8D0F8 /* Foundation.framework */,
				B6ED516615428E5600E8D0F8 /* CoreGraphics.framework */,
			);
			name = Frameworks;
			sourceTree = "<group>";
		};
		B6ED516815428E5600E8D0F8 /* HelloWorld */ = {
			isa = PBXGroup;
			children = (
				B6ED517115428E5600E8D0F8 /* AppDelegate.h */,
				B6ED517215428E5600E8D0F8 /* AppDelegate.m */,
				B6ED517415428E5600E8D0F8 /* MainStoryboard_iPhone.storyboard */,
				B6ED517715428E5600E8D0F8 /* MainStoryboard_iPad.storyboard */,
				B6ED517A15428E5600E8D0F8 /* ViewController.h */,
				B6ED517B15428E5600E8D0F8 /* ViewController.m */,
				B6ED518215428EB500E8D0F8 /* SecondViewController.h */,
				B6ED518315428EB500E8D0F8 /* SecondViewController.m */,
				B6ED516915428E5600E8D0F8 /* Supporting Files */,
			);
			path = HelloWorld;
			sourceTree = "<group>";
		};
		B6ED516915428E5600E8D0F8 /* Supporting Files */ = {
			isa = PBXGroup;
			children = (
				B6ED516A15428E5600E8D0F8 /* HelloWorld-Info.plist */,
				B6ED516B15428E5600E8D0F8 /* InfoPlist.strings */,
				B6ED516E15428E5600E8D0F8 /* main.m */,
				B6ED517015428E5600E8D0F8 /* HelloWorld-Prefix.pch */,
			);
			name = "Supporting Files";
			sourceTree = "<group>";
		};
/* End PBXGroup section */

/* Begin PBXNativeTarget section */
		B6ED515D15428E5600E8D0F8 /* HelloWorld */ = {
			isa = PBXNativeTarget;
			buildConfigurationList = B6ED517F15428E5600E8D0F8 /* Build configuration list for PBXNativeTarget "HelloWorld" */;
			buildPhases = (
				B6ED515A15428E5600E8D0F8 /* Sources */,
				B6ED515B15428E5600E8D0F8 /* Frameworks */,
				B6ED515C15428E5600E8D0F8 /* Resources */,
			);
			buildRules = (
			);
			dependencies = (
			);
			name = HelloWorld;
			productName = HelloWorld;
			productReference = B6ED515E15428E5600E8D0F8 /* HelloWorld.app */;
			productType = "com.apple.product-type.application";
		};
/* End PBXNativeTarget section */

/* Begin PBXProject section */
		B6ED515515428E5600E8D0F8 /* Project object */ = {
			isa = PBXProject;
			attributes = {
				LastUpgradeCheck = 0430;
			};
			buildConfigurationList = B6ED515815428E5600E8D0F8 /* Build configuration list for PBXProject "HelloWorld" */;
			compatibilityVersion = "Xcode 3.2";
			developmentRegion = English;
			hasScannedForEncodings = 0;
			knownRegions = (
				en,
			);
			mainGroup = B6ED515315428E5600E8D0F8;
			productRefGroup = B6ED515F15428E5600E8D0F8 /* Products */;
			projectDirPath = "";
			projectRoot = "";
			targets = (
				B6ED515D15428E5600E8D0F8 /* HelloWorld */,
			);
		};
/* End PBXProject section */

/* Begin PBXResourcesBuildPhase section */
		B6ED515C15428E5600E8D0F8 /* Resources */ = {
			isa = PBXResourcesBuildPhase;
			buildActionMask = 2147483647;
			files = (
				B6ED516D15428E5600E8D0F8 /* InfoPlist.strings in Resources */,
				B6ED517615428E5600E8D0F8 /* MainStoryboard_iPhone.storyboard in Resources */,
				B6ED517915428E5600E8D0F8 /* MainStoryboard_iPad.storyboard in Resources */,
			);
			runOnlyForDeploymentPostprocessing = 0;
		};
/* End PBXResourcesBuildPhase section */

/* Begin PBXSourcesBuildPhase section */
		B6ED515A15428E5600E8D0F8 /* Sources */ = {
			isa = PBXSourcesBuildPhase;
			buildActionMask = 2147483647;
			files = (
				B6ED516F15428E5600E8D0F8 /* main.m in Sources */,
				B6ED517315428E5600E8D0F8 /* AppDelegate.m in Sources */,
				B6ED517C15428E5600E8D0F8 /* ViewController.m in Sources */,
				B6ED518415428EB500E8D0F8 /* SecondViewController.m in Sources */,
			);
			runOnlyForDeploymentPostprocessing = 0;
		};
/* End PBXSourcesBuildPhase section */

/* Begin PBXVariantGroup section */
		B6ED516B15428E5600E8D0F8 /* InfoPlist.strings */ = {
			isa = PBXVariantGroup;
			children = (
				B6ED516C15428E5600E8D0F8 /* en */,
			);
			name = InfoPlist.strings;
			sourceTree = "<group>";
		};
		B6ED517415428E5600E8D0F8 /* MainStoryboard_iPhone.storyboard */ = {
			isa = PBXVariantGroup;
			children = (
				B6ED517515428E5600E8D0F8 /* en */,
			);
			name = MainStoryboard_iPhone.storyboard;
			sourceTree = "<group>";
		};
		B6ED517715428E5600E8D0F8 /* MainStoryboard_iPad.storyboard */ = {
			isa = PBXVariantGroup;
			children = (
				B6ED517815428E5600E8D0F8 /* en */,
			);
			name = MainStoryboard_iPad.storyboard;
			sourceTree = "<group>";
		};
/* End PBXVariantGroup section */

/* Begin XCBuildConfiguration section */
		B6ED517D15428E5600E8D0F8 /* Debug */ = {
			isa = XCBuildConfiguration;
			buildSettings = {
				ALWAYS_SEARCH_USER_PATHS = NO;
				ARCHS = "$(ARCHS_STANDARD_32_BIT)";
				CLANG_ENABLE_OBJC_ARC = YES;
				"CODE_SIGN_IDENTITY[sdk=iphoneos*]" = "iPhone Developer";
				COPY_PHASE_STRIP = NO;
				GCC_C_LANGUAGE_STANDARD = gnu99;
				GCC_DYNAMIC_NO_PIC = NO;
				GCC_OPTIMIZATION_LEVEL = 0;
				GCC_PREPROCESSOR_DEFINITIONS = (
					"DEBUG=1",
					"$(inherited)",
				);
				GCC_SYMBOLS_PRIVATE_EXTERN = NO;
				GCC_VERSION = com.apple.compilers.llvm.clang.1_0;
				GCC_WARN_ABOUT_RETURN_TYPE = YES;
				GCC_WARN_UNINITIALIZED_AUTOS = YES;
				GCC_WARN_UNUSED_VARIABLE = YES;
				IPHONEOS_DEPLOYMENT_TARGET = 5.1;
				SDKROOT = iphoneos;
				TARGETED_DEVICE_FAMILY = "1,2";
			};
			name = Debug;
		};
		B6ED517E15428E5600E8D0F8 /* Release */ = {
			isa = XCBuildConfiguration;
			buildSettings = {
				ALWAYS_SEARCH_USER_PATHS = NO;
				ARCHS = "$(ARCHS_STANDARD_32_BIT)";
				CLANG_ENABLE_OBJC_ARC = YES;
				"CODE_SIGN_IDENTITY[sdk=iphoneos*]" = "iPhone Developer";
				COPY_PHASE_STRIP = YES;
				GCC_C_LANGUAGE_STANDARD = gnu99;
				GCC_VERSION = com.apple.compilers.llvm.clang.1_0;
				GCC_WARN_ABOUT_RETURN_TYPE = YES;
				GCC_WARN_UNINITIALIZED_AUTOS = YES;
				GCC_WARN_UNUSED_VARIABLE = YES;
				IPHONEOS_DEPLOYMENT_TARGET = 5.1;
				OTHER_CFLAGS = "-DNS_BLOCK_ASSERTIONS=1";
				SDKROOT = iphoneos;
				TARGETED_DEVICE_FAMILY = "1,2";
				VALIDATE_PRODUCT = YES;
			};
			name = Release;
		};
		B6ED518015428E5600E8D0F8 /* Debug */ = {
			isa = XCBuildConfiguration;
			buildSettings = {
				GCC_PRECOMPILE_PREFIX_HEADER = YES;
				GCC_PREFIX_HEADER = "HelloWorld/HelloWorld-Prefix.pch";
				INFOPLIST_FILE = "HelloWorld/HelloWorld-Info.plist";
				IPHONEOS_DEPLOYMENT_TARGET = 5.0;
				PRODUCT_NAME = "$(TARGET_NAME)";
				WRAPPER_EXTENSION = app;
			};
			name = Debug;
		};
		B6ED518115428E5600E8D0F8 /* Release */ = {
			isa = XCBuildConfiguration;
			buildSettings = {
				GCC_PRECOMPILE_PREFIX_HEADER = YES;
				GCC_PREFIX_HEADER = "HelloWorld/HelloWorld-Prefix.pch";
				INFOPLIST_FILE = "HelloWorld/HelloWorld-Info.plist";
				IPHONEOS_DEPLOYMENT_TARGET = 5.0;
				PRODUCT_NAME = "$(TARGET_NAME)";
				WRAPPER_EXTENSION = app;
			};
			name = Release;
		};
/* End XCBuildConfiguration section */

/* Begin XCConfigurationList section */
		B6ED515815428E5600E8D0F8 /* Build configuration list for PBXProject "HelloWorld" */ = {
			isa = XCConfigurationList;
			buildConfigurations = (
				B6ED517D15428E5600E8D0F8 /* Debug */,
				B6ED517E15428E5600E8D0F8 /* Release */,
			);
			defaultConfigurationIsVisible = 0;
			defaultConfigurationName = Release;
		};
		B6ED517F15428E5600E8D0F8 /* Build configuration list for PBXNativeTarget "HelloWorld" */ = {
			isa = XCConfigurationList;
			buildConfigurations = (
				B6ED518015428E5600E8D0F8 /* Debug */,
				B6ED518115428E5600E8D0F8 /* Release */,
			);
			defaultConfigurationIsVisible = 0;
			defaultConfigurationName = Release;
		};
/* End XCConfigurationList section */
	};
	rootObject = B6ED515515428E5600E8D0F8 /* Project object */;
}
